
Microsoft Visual Studio Solution File, Format Version 12.00
# Visual Studio Version 16
VisualStudioVersion = 16.0.31129.286
MinimumVisualStudioVersion = 10.0.40219.1
Project("{9A19103F-16F7-4668-BE54-9A1E7A4F7556}") = "Web", "Web\Web.csproj", "{9B4060BE-2C4B-46F6-B004-4E1C7A96C396}"
EndProject
Project("{9A19103F-16F7-4668-BE54-9A1E7A4F7556}") = "ConsoleApp1", "ConsoleApp1\ConsoleApp1.csproj", "{FE923F19-DA97-4692-921E-8E99853F5126}"
EndProject
Global
	GlobalSection(SolutionConfigurationPlatforms) = preSolution
		Debug|Any CPU = Debug|Any CPU
		Release|Any CPU = Release|Any CPU
	EndGlobalSection
	GlobalSection(ProjectConfigurationPlatforms) = postSolution
		{9B4060BE-2C4B-46F6-B004-4E1C7A96C396}.Debug|Any CPU.ActiveCfg = Debug|Any CPU
		{9B4060BE-2C4B-46F6-B004-4E1C7A96C396}.Debug|Any CPU.Build.0 = Debug|Any CPU
		{9B4060BE-2C4B-46F6-B004-4E1C7A96C396}.Release|Any CPU.ActiveCfg = Release|Any CPU
		{9B4060BE-2C4B-46F6-B004-4E1C7A96C396}.Release|Any CPU.Build.0 = Release|Any CPU
		{FE923F19-DA97-4692-921E-8E99853F5126}.Debug|Any CPU.ActiveCfg = Debug|Any CPU
		{FE923F19-DA97-4692-921E-8E99853F5126}.Debug|Any CPU.Build.0 = Debug|Any CPU
		{FE923F19-DA97-4692-921E-8E99853F5126}.Release|Any CPU.ActiveCfg = Release|Any CPU
		{FE923F19-DA97-4692-921E-8E99853F5126}.Release|Any CPU.Build.0 = Release|Any CPU
	EndGlobalSection
	GlobalSection(SolutionProperties) = preSolution
		HideSolutionNode = FALSE
	EndGlobalSection
	GlobalSection(ExtensibilityGlobals) = postSolution
		SolutionGuid = {E276B60E-BB6B-4E79-9D3A-75AD6BAE981F}
	EndGlobalSection
EndGlobal
